
Microsoft Visual Studio Solution File, Format Version 12.00
# Visual Studio Version 16
VisualStudioVersion = 16.0.29123.88
MinimumVisualStudioVersion = 10.0.40219.1
Project("{FAE04EC0-301F-11D3-BF4B-00C04F79EFBC}") = "Internet Uptimer", "Internet Uptimer\Internet Uptimer.csproj", "{FB3A0616-E981-487D-9906-8EFB4D367B1A}"
EndProject
Global
	GlobalSection(SolutionConfigurationPlatforms) = preSolution
		Debug|Any CPU = Debug|Any CPU
		Release|Any CPU = Release|Any CPU
	EndGlobalSection
	GlobalSection(ProjectConfigurationPlatforms) = postSolution
		{FB3A0616-E981-487D-9906-8EFB4D367B1A}.Debug|Any CPU.ActiveCfg = Debug|Any CPU
		{FB3A0616-E981-487D-9906-8EFB4D367B1A}.Debug|Any CPU.Build.0 = Debug|Any CPU
		{FB3A0616-E981-487D-9906-8EFB4D367B1A}.Release|Any CPU.ActiveCfg = Release|Any CPU
		{FB3A0616-E981-487D-9906-8EFB4D367B1A}.Release|Any CPU.Build.0 = Release|Any CPU
	EndGlobalSection
	GlobalSection(SolutionProperties) = preSolution
		HideSolutionNode = FALSE
	EndGlobalSection
	GlobalSection(ExtensibilityGlobals) = postSolution
		SolutionGuid = {CADAFC1C-41AB-4A2B-8911-D302EBFD8C17}
	EndGlobalSection
EndGlobal
